// !$*UTF8*$!
{
	archiveVersion = 1;
	classes = {
	};
	objectVersion = 50;
	objects = {

/* Begin PBXBuildFile section */
		3B168E992693CD5100114720 /* LandmarkList.swift in Sources */ = {isa = PBXBuildFile; fileRef = 3B168E982693CD5100114720 /* LandmarkList.swift */; };
		3B168E9B2693CEFA00114720 /* LandmarkDetail.swift in Sources */ = {isa = PBXBuildFile; fileRef = 3B168E9A2693CEFA00114720 /* LandmarkDetail.swift */; };
		3B2E338D2697FB9500D5E9BD /* Profile.swift in Sources */ = {isa = PBXBuildFile; fileRef = 3B2E338C2697FB9500D5E9BD /* Profile.swift */; };
		3B2E33902697FC8A00D5E9BD /* ProfileHost.swift in Sources */ = {isa = PBXBuildFile; fileRef = 3B2E338F2697FC8A00D5E9BD /* ProfileHost.swift */; };
		3B2E33922697FD5600D5E9BD /* ProfileSummary.swift in Sources */ = {isa = PBXBuildFile; fileRef = 3B2E33912697FD5600D5E9BD /* ProfileSummary.swift */; };
		3B2E3395269802EC00D5E9BD /* HikeBadge.swift in Sources */ = {isa = PBXBuildFile; fileRef = 3B2E3394269802EC00D5E9BD /* HikeBadge.swift */; };
		3B6191B92696B055000FA07C /* CategoryItem.swift in Sources */ = {isa = PBXBuildFile; fileRef = 3B6191B82696B055000FA07C /* CategoryItem.swift */; };
		3B7792A72693EB0D00B5E078 /* CategoryHome.swift in Sources */ = {isa = PBXBuildFile; fileRef = 3B7792A62693EB0D00B5E078 /* CategoryHome.swift */; };
		3B7792A92693EDA400B5E078 /* HexagonParameters.swift in Sources */ = {isa = PBXBuildFile; fileRef = 3B7792A82693EDA400B5E078 /* HexagonParameters.swift */; };
		3B7792AB2693EF0E00B5E078 /* BadgeBackground.swift in Sources */ = {isa = PBXBuildFile; fileRef = 3B7792AA2693EF0E00B5E078 /* BadgeBackground.swift */; };
		3B7792AD2693F79200B5E078 /* BadgeSymbol.swift in Sources */ = {isa = PBXBuildFile; fileRef = 3B7792AC2693F79200B5E078 /* BadgeSymbol.swift */; };
		3B7792AF2693FB6E00B5E078 /* RotateBadgeSymbol.swift in Sources */ = {isa = PBXBuildFile; fileRef = 3B7792AE2693FB6E00B5E078 /* RotateBadgeSymbol.swift */; };
		3B7792B12693FB8C00B5E078 /* Badge.swift in Sources */ = {isa = PBXBuildFile; fileRef = 3B7792B02693FB8C00B5E078 /* Badge.swift */; };
		3B7792B42694030B00B5E078 /* hikeData.json in Resources */ = {isa = PBXBuildFile; fileRef = 3B7792B32694030B00B5E078 /* hikeData.json */; };
		3B7792B8269403A600B5E078 /* Hike.swift in Sources */ = {isa = PBXBuildFile; fileRef = 3B7792B7269403A600B5E078 /* Hike.swift */; };
		3B7792BD2694059D00B5E078 /* HikeGraph.swift in Sources */ = {isa = PBXBuildFile; fileRef = 3B7792B92694059D00B5E078 /* HikeGraph.swift */; };
		3B7792BE2694059D00B5E078 /* HikeView.swift in Sources */ = {isa = PBXBuildFile; fileRef = 3B7792BA2694059D00B5E078 /* HikeView.swift */; };
		3B7792BF2694059D00B5E078 /* HikeDetail.swift in Sources */ = {isa = PBXBuildFile; fileRef = 3B7792BB2694059D00B5E078 /* HikeDetail.swift */; };
		3B7792C02694059D00B5E078 /* GraphCapsule.swift in Sources */ = {isa = PBXBuildFile; fileRef = 3B7792BC2694059D00B5E078 /* GraphCapsule.swift */; };
		3B7792C22695511E00B5E078 /* CategoryRow.swift in Sources */ = {isa = PBXBuildFile; fileRef = 3B7792C12695511E00B5E078 /* CategoryRow.swift */; };
		3B8BC1712693E5FC004F4453 /* FavoriteButton.swift in Sources */ = {isa = PBXBuildFile; fileRef = 3B8BC1702693E5FC004F4453 /* FavoriteButton.swift */; };
		3BA207662693B4CD00E0D8CD /* LandmarksApp.swift in Sources */ = {isa = PBXBuildFile; fileRef = 3BA207652693B4CD00E0D8CD /* LandmarksApp.swift */; };
		3BA207682693B4CD00E0D8CD /* ContentView.swift in Sources */ = {isa = PBXBuildFile; fileRef = 3BA207672693B4CD00E0D8CD /* ContentView.swift */; };
		3BA2076A2693B4D000E0D8CD /* Assets.xcassets in Resources */ = {isa = PBXBuildFile; fileRef = 3BA207692693B4D000E0D8CD /* Assets.xcassets */; };
		3BA2076D2693B4D000E0D8CD /* Preview Assets.xcassets in Resources */ = {isa = PBXBuildFile; fileRef = 3BA2076C2693B4D000E0D8CD /* Preview Assets.xcassets */; };
		3BA207752693B99400E0D8CD /* CircleImage.swift in Sources */ = {isa = PBXBuildFile; fileRef = 3BA207742693B99400E0D8CD /* CircleImage.swift */; };
		3BA207772693BA9400E0D8CD /* MapView.swift in Sources */ = {isa = PBXBuildFile; fileRef = 3BA207762693BA9400E0D8CD /* MapView.swift */; };
		3BA207792693BDCF00E0D8CD /* landmarkData.json in Resources */ = {isa = PBXBuildFile; fileRef = 3BA207782693BDCF00E0D8CD /* landmarkData.json */; };
		3BA2077B2693BDED00E0D8CD /* Landmark.swift in Sources */ = {isa = PBXBuildFile; fileRef = 3BA2077A2693BDED00E0D8CD /* Landmark.swift */; };
		3BA2077D2693BF9A00E0D8CD /* ModelData.swift in Sources */ = {isa = PBXBuildFile; fileRef = 3BA2077C2693BF9A00E0D8CD /* ModelData.swift */; };
		3BA207822693C1A500E0D8CD /* LandmarkRow.swift in Sources */ = {isa = PBXBuildFile; fileRef = 3BA207812693C1A500E0D8CD /* LandmarkRow.swift */; };
/* End PBXBuildFile section */

/* Begin PBXFileReference section */
		3B168E982693CD5100114720 /* LandmarkList.swift */ = {isa = PBXFileReference; lastKnownFileType = sourcecode.swift; path = LandmarkList.swift; sourceTree = "<group>"; };
		3B168E9A2693CEFA00114720 /* LandmarkDetail.swift */ = {isa = PBXFileReference; lastKnownFileType = sourcecode.swift; path = LandmarkDetail.swift; sourceTree = "<group>"; };
		3B2E338C2697FB9500D5E9BD /* Profile.swift */ = {isa = PBXFileReference; lastKnownFileType = sourcecode.swift; path = Profile.swift; sourceTree = "<group>"; };
		3B2E338F2697FC8A00D5E9BD /* ProfileHost.swift */ = {isa = PBXFileReference; lastKnownFileType = sourcecode.swift; path = ProfileHost.swift; sourceTree = "<group>"; };
		3B2E33912697FD5600D5E9BD /* ProfileSummary.swift */ = {isa = PBXFileReference; lastKnownFileType = sourcecode.swift; path = ProfileSummary.swift; sourceTree = "<group>"; };
		3B2E3394269802EC00D5E9BD /* HikeBadge.swift */ = {isa = PBXFileReference; lastKnownFileType = sourcecode.swift; path = HikeBadge.swift; sourceTree = "<group>"; };
		3B6191B82696B055000FA07C /* CategoryItem.swift */ = {isa = PBXFileReference; lastKnownFileType = sourcecode.swift; path = CategoryItem.swift; sourceTree = "<group>"; };
		3B7792A62693EB0D00B5E078 /* CategoryHome.swift */ = {isa = PBXFileReference; lastKnownFileType = sourcecode.swift; path = CategoryHome.swift; sourceTree = "<group>"; };
		3B7792A82693EDA400B5E078 /* HexagonParameters.swift */ = {isa = PBXFileReference; lastKnownFileType = sourcecode.swift; path = HexagonParameters.swift; sourceTree = "<group>"; };
		3B7792AA2693EF0E00B5E078 /* BadgeBackground.swift */ = {isa = PBXFileReference; lastKnownFileType = sourcecode.swift; path = BadgeBackground.swift; sourceTree = "<group>"; };
		3B7792AC2693F79200B5E078 /* BadgeSymbol.swift */ = {isa = PBXFileReference; lastKnownFileType = sourcecode.swift; path = BadgeSymbol.swift; sourceTree = "<group>"; };
		3B7792AE2693FB6E00B5E078 /* RotateBadgeSymbol.swift */ = {isa = PBXFileReference; lastKnownFileType = sourcecode.swift; path = RotateBadgeSymbol.swift; sourceTree = "<group>"; };
		3B7792B02693FB8C00B5E078 /* Badge.swift */ = {isa = PBXFileReference; lastKnownFileType = sourcecode.swift; path = Badge.swift; sourceTree = "<group>"; };
		3B7792B32694030B00B5E078 /* hikeData.json */ = {isa = PBXFileReference; fileEncoding = 4; lastKnownFileType = text.json; path = hikeData.json; sourceTree = "<group>"; };
		3B7792B7269403A600B5E078 /* Hike.swift */ = {isa = PBXFileReference; lastKnownFileType = sourcecode.swift; path = Hike.swift; sourceTree = "<group>"; };
		3B7792B92694059D00B5E078 /* HikeGraph.swift */ = {isa = PBXFileReference; fileEncoding = 4; lastKnownFileType = sourcecode.swift; path = HikeGraph.swift; sourceTree = "<group>"; };
		3B7792BA2694059D00B5E078 /* HikeView.swift */ = {isa = PBXFileReference; fileEncoding = 4; lastKnownFileType = sourcecode.swift; path = HikeView.swift; sourceTree = "<group>"; };
		3B7792BB2694059D00B5E078 /* HikeDetail.swift */ = {isa = PBXFileReference; fileEncoding = 4; lastKnownFileType = sourcecode.swift; path = HikeDetail.swift; sourceTree = "<group>"; };
		3B7792BC2694059D00B5E078 /* GraphCapsule.swift */ = {isa = PBXFileReference; fileEncoding = 4; lastKnownFileType = sourcecode.swift; path = GraphCapsule.swift; sourceTree = "<group>"; };
		3B7792C12695511E00B5E078 /* CategoryRow.swift */ = {isa = PBXFileReference; lastKnownFileType = sourcecode.swift; path = CategoryRow.swift; sourceTree = "<group>"; };
		3B8BC1702693E5FC004F4453 /* FavoriteButton.swift */ = {isa = PBXFileReference; lastKnownFileType = sourcecode.swift; path = FavoriteButton.swift; sourceTree = "<group>"; };
		3BA207622693B4CD00E0D8CD /* Landmarks.app */ = {isa = PBXFileReference; explicitFileType = wrapper.application; includeInIndex = 0; path = Landmarks.app; sourceTree = BUILT_PRODUCTS_DIR; };
		3BA207652693B4CD00E0D8CD /* LandmarksApp.swift */ = {isa = PBXFileReference; lastKnownFileType = sourcecode.swift; path = LandmarksApp.swift; sourceTree = "<group>"; };
		3BA207672693B4CD00E0D8CD /* ContentView.swift */ = {isa = PBXFileReference; lastKnownFileType = sourcecode.swift; path = ContentView.swift; sourceTree = "<group>"; };
		3BA207692693B4D000E0D8CD /* Assets.xcassets */ = {isa = PBXFileReference; lastKnownFileType = folder.assetcatalog; path = Assets.xcassets; sourceTree = "<group>"; };
		3BA2076C2693B4D000E0D8CD /* Preview Assets.xcassets */ = {isa = PBXFileReference; lastKnownFileType = folder.assetcatalog; path = "Preview Assets.xcassets"; sourceTree = "<group>"; };
		3BA2076E2693B4D000E0D8CD /* Info.plist */ = {isa = PBXFileReference; lastKnownFileType = text.plist.xml; path = Info.plist; sourceTree = "<group>"; };
		3BA207742693B99400E0D8CD /* CircleImage.swift */ = {isa = PBXFileReference; lastKnownFileType = sourcecode.swift; path = CircleImage.swift; sourceTree = "<group>"; };
		3BA207762693BA9400E0D8CD /* MapView.swift */ = {isa = PBXFileReference; lastKnownFileType = sourcecode.swift; path = MapView.swift; sourceTree = "<group>"; };
		3BA207782693BDCF00E0D8CD /* landmarkData.json */ = {isa = PBXFileReference; fileEncoding = 4; lastKnownFileType = text.json; path = landmarkData.json; sourceTree = "<group>"; };
		3BA2077A2693BDED00E0D8CD /* Landmark.swift */ = {isa = PBXFileReference; lastKnownFileType = sourcecode.swift; path = Landmark.swift; sourceTree = "<group>"; };
		3BA2077C2693BF9A00E0D8CD /* ModelData.swift */ = {isa = PBXFileReference; lastKnownFileType = sourcecode.swift; path = ModelData.swift; sourceTree = "<group>"; };
		3BA207812693C1A500E0D8CD /* LandmarkRow.swift */ = {isa = PBXFileReference; lastKnownFileType = sourcecode.swift; path = LandmarkRow.swift; sourceTree = "<group>"; };
/* End PBXFileReference section */

/* Begin PBXFrameworksBuildPhase section */
		3BA2075F2693B4CD00E0D8CD /* Frameworks */ = {
			isa = PBXFrameworksBuildPhase;
			buildActionMask = 2147483647;
			files = (
			);
			runOnlyForDeploymentPostprocessing = 0;
		};
/* End PBXFrameworksBuildPhase section */

/* Begin PBXGroup section */
		3B2E338E2697FC7000D5E9BD /* Profiles */ = {
			isa = PBXGroup;
			children = (
				3B2E338C2697FB9500D5E9BD /* Profile.swift */,
				3B2E338F2697FC8A00D5E9BD /* ProfileHost.swift */,
				3B2E33912697FD5600D5E9BD /* ProfileSummary.swift */,
			);
			path = Profiles;
			sourceTree = "<group>";
		};
		3B2E3393269802D100D5E9BD /* Hikes */ = {
			isa = PBXGroup;
			children = (
				3B7792BB2694059D00B5E078 /* HikeDetail.swift */,
				3B7792B92694059D00B5E078 /* HikeGraph.swift */,
				3B7792BA2694059D00B5E078 /* HikeView.swift */,
				3B2E3394269802EC00D5E9BD /* HikeBadge.swift */,
			);
			path = Hikes;
			sourceTree = "<group>";
		};
		3B7792A52693EAF300B5E078 /* Categories */ = {
			isa = PBXGroup;
			children = (
				3B7792A62693EB0D00B5E078 /* CategoryHome.swift */,
				3B7792C12695511E00B5E078 /* CategoryRow.swift */,
				3B6191B82696B055000FA07C /* CategoryItem.swift */,
			);
			name = Categories;
			sourceTree = "<group>";
		};
		3B7792B22693FDDD00B5E078 /* Badges */ = {
			isa = PBXGroup;
			children = (
				3B7792A82693EDA400B5E078 /* HexagonParameters.swift */,
				3B7792AA2693EF0E00B5E078 /* BadgeBackground.swift */,
				3B7792AC2693F79200B5E078 /* BadgeSymbol.swift */,
				3B7792AE2693FB6E00B5E078 /* RotateBadgeSymbol.swift */,
				3B7792B02693FB8C00B5E078 /* Badge.swift */,
			);
			path = Badges;
			sourceTree = "<group>";
		};
		3B8BC1722693E766004F4453 /* Helpers */ = {
			isa = PBXGroup;
			children = (
				3BA207762693BA9400E0D8CD /* MapView.swift */,
				3BA207742693B99400E0D8CD /* CircleImage.swift */,
				3B8BC1702693E5FC004F4453 /* FavoriteButton.swift */,
			);
			path = Helpers;
			sourceTree = "<group>";
		};
		3B8BC1732693E799004F4453 /* Landmarks */ = {
			isa = PBXGroup;
			children = (
				3BA207672693B4CD00E0D8CD /* ContentView.swift */,
				3BA207812693C1A500E0D8CD /* LandmarkRow.swift */,
				3B168E982693CD5100114720 /* LandmarkList.swift */,
				3B168E9A2693CEFA00114720 /* LandmarkDetail.swift */,
			);
			path = Landmarks;
			sourceTree = "<group>";
		};
		3BA207592693B4CD00E0D8CD = {
			isa = PBXGroup;
			children = (
				3BA207642693B4CD00E0D8CD /* Landmarks */,
				3BA207632693B4CD00E0D8CD /* Products */,
			);
			sourceTree = "<group>";
		};
		3BA207632693B4CD00E0D8CD /* Products */ = {
			isa = PBXGroup;
			children = (
				3BA207622693B4CD00E0D8CD /* Landmarks.app */,
			);
			name = Products;
			sourceTree = "<group>";
		};
		3BA207642693B4CD00E0D8CD /* Landmarks */ = {
			isa = PBXGroup;
			children = (
				3B7792A52693EAF300B5E078 /* Categories */,
				3BA207652693B4CD00E0D8CD /* LandmarksApp.swift */,
				3BA2077E2693C15C00E0D8CD /* Views */,
				3BA207692693B4D000E0D8CD /* Assets.xcassets */,
				3BA2076E2693B4D000E0D8CD /* Info.plist */,
				3BA207802693C18100E0D8CD /* Resources */,
				3BA2076B2693B4D000E0D8CD /* Preview Content */,
				3BA2077F2693C16C00E0D8CD /* Model */,
			);
			path = Landmarks;
			sourceTree = "<group>";
		};
		3BA2076B2693B4D000E0D8CD /* Preview Content */ = {
			isa = PBXGroup;
			children = (
				3BA2076C2693B4D000E0D8CD /* Preview Assets.xcassets */,
			);
			path = "Preview Content";
			sourceTree = "<group>";
		};
		3BA2077E2693C15C00E0D8CD /* Views */ = {
			isa = PBXGroup;
			children = (
				3B2E3393269802D100D5E9BD /* Hikes */,
				3B2E338E2697FC7000D5E9BD /* Profiles */,
				3B8BC1722693E766004F4453 /* Helpers */,
				3B8BC1732693E799004F4453 /* Landmarks */,
				3B7792B22693FDDD00B5E078 /* Badges */,
			);
			path = Views;
			sourceTree = "<group>";
		};
		3BA2077F2693C16C00E0D8CD /* Model */ = {
			isa = PBXGroup;
			children = (
				3BA2077A2693BDED00E0D8CD /* Landmark.swift */,
				3BA2077C2693BF9A00E0D8CD /* ModelData.swift */,
				3B7792B7269403A600B5E078 /* Hike.swift */,
			);
			path = Model;
			sourceTree = "<group>";
		};
		3BA207802693C18100E0D8CD /* Resources */ = {
			isa = PBXGroup;
			children = (
				3B7792B32694030B00B5E078 /* hikeData.json */,
				3BA207782693BDCF00E0D8CD /* landmarkData.json */,
				3B7792BC2694059D00B5E078 /* GraphCapsule.swift */,
			);
			path = Resources;
			sourceTree = "<group>";
		};
/* End PBXGroup section */

/* Begin PBXNativeTarget section */
		3BA207612693B4CD00E0D8CD /* Landmarks */ = {
			isa = PBXNativeTarget;
			buildConfigurationList = 3BA207712693B4D100E0D8CD /* Build configuration list for PBXNativeTarget "Landmarks" */;
			buildPhases = (
				3BA2075E2693B4CD00E0D8CD /* Sources */,
				3BA2075F2693B4CD00E0D8CD /* Frameworks */,
				3BA207602693B4CD00E0D8CD /* Resources */,
			);
			buildRules = (
			);
			dependencies = (
			);
			name = Landmarks;
			productName = Landmarks;
			productReference = 3BA207622693B4CD00E0D8CD /* Landmarks.app */;
			productType = "com.apple.product-type.application";
		};
/* End PBXNativeTarget section */

/* Begin PBXProject section */
		3BA2075A2693B4CD00E0D8CD /* Project object */ = {
			isa = PBXProject;
			attributes = {
				LastSwiftUpdateCheck = 1250;
				LastUpgradeCheck = 1250;
				TargetAttributes = {
					3BA207612693B4CD00E0D8CD = {
						CreatedOnToolsVersion = 12.5.1;
					};
				};
			};
			buildConfigurationList = 3BA2075D2693B4CD00E0D8CD /* Build configuration list for PBXProject "Landmarks" */;
			compatibilityVersion = "Xcode 9.3";
			developmentRegion = en;
			hasScannedForEncodings = 0;
			knownRegions = (
				en,
				Base,
			);
			mainGroup = 3BA207592693B4CD00E0D8CD;
			productRefGroup = 3BA207632693B4CD00E0D8CD /* Products */;
			projectDirPath = "";
			projectRoot = "";
			targets = (
				3BA207612693B4CD00E0D8CD /* Landmarks */,
			);
		};
/* End PBXProject section */

/* Begin PBXResourcesBuildPhase section */
		3BA207602693B4CD00E0D8CD /* Resources */ = {
			isa = PBXResourcesBuildPhase;
			buildActionMask = 2147483647;
			files = (
				3B7792B42694030B00B5E078 /* hikeData.json in Resources */,
				3BA2076D2693B4D000E0D8CD /* Preview Assets.xcassets in Resources */,
				3BA2076A2693B4D000E0D8CD /* Assets.xcassets in Resources */,
				3BA207792693BDCF00E0D8CD /* landmarkData.json in Resources */,
			);
			runOnlyForDeploymentPostprocessing = 0;
		};
/* End PBXResourcesBuildPhase section */

/* Begin PBXSourcesBuildPhase section */
		3BA2075E2693B4CD00E0D8CD /* Sources */ = {
			isa = PBXSourcesBuildPhase;
			buildActionMask = 2147483647;
			files = (
				3B7792C22695511E00B5E078 /* CategoryRow.swift in Sources */,
				3B2E338D2697FB9500D5E9BD /* Profile.swift in Sources */,
				3B7792B8269403A600B5E078 /* Hike.swift in Sources */,
				3B7792BD2694059D00B5E078 /* HikeGraph.swift in Sources */,
				3B7792A92693EDA400B5E078 /* HexagonParameters.swift in Sources */,
				3BA207682693B4CD00E0D8CD /* ContentView.swift in Sources */,
				3B7792BE2694059D00B5E078 /* HikeView.swift in Sources */,
				3B7792AF2693FB6E00B5E078 /* RotateBadgeSymbol.swift in Sources */,
				3BA207772693BA9400E0D8CD /* MapView.swift in Sources */,
				3BA207662693B4CD00E0D8CD /* LandmarksApp.swift in Sources */,
				3B6191B92696B055000FA07C /* CategoryItem.swift in Sources */,
				3B8BC1712693E5FC004F4453 /* FavoriteButton.swift in Sources */,
				3B2E33922697FD5600D5E9BD /* ProfileSummary.swift in Sources */,
				3B7792A72693EB0D00B5E078 /* CategoryHome.swift in Sources */,
				3B2E33902697FC8A00D5E9BD /* ProfileHost.swift in Sources */,
				3B168E992693CD5100114720 /* LandmarkList.swift in Sources */,
				3B7792AD2693F79200B5E078 /* BadgeSymbol.swift in Sources */,
				3B7792B12693FB8C00B5E078 /* Badge.swift in Sources */,
				3B168E9B2693CEFA00114720 /* LandmarkDetail.swift in Sources */,
				3B7792AB2693EF0E00B5E078 /* BadgeBackground.swift in Sources */,
				3BA207752693B99400E0D8CD /* CircleImage.swift in Sources */,
				3BA2077B2693BDED00E0D8CD /* Landmark.swift in Sources */,
				3B2E3395269802EC00D5E9BD /* HikeBadge.swift in Sources */,
				3BA207822693C1A500E0D8CD /* LandmarkRow.swift in Sources */,
				3BA2077D2693BF9A00E0D8CD /* ModelData.swift in Sources */,
				3B7792BF2694059D00B5E078 /* HikeDetail.swift in Sources */,
				3B7792C02694059D00B5E078 /* GraphCapsule.swift in Sources */,
			);
			runOnlyForDeploymentPostprocessing = 0;
		};
/* End PBXSourcesBuildPhase section */

/* Begin XCBuildConfiguration section */
		3BA2076F2693B4D100E0D8CD /* Debug */ = {
			isa = XCBuildConfiguration;
			buildSettings = {
				ALWAYS_SEARCH_USER_PATHS = NO;
				CLANG_ANALYZER_NONNULL = YES;
				CLANG_ANALYZER_NUMBER_OBJECT_CONVERSION = YES_AGGRESSIVE;
				CLANG_CXX_LANGUAGE_STANDARD = "gnu++14";
				CLANG_CXX_LIBRARY = "libc++";
				CLANG_ENABLE_MODULES = YES;
				CLANG_ENABLE_OBJC_ARC = YES;
				CLANG_ENABLE_OBJC_WEAK = YES;
				CLANG_WARN_BLOCK_CAPTURE_AUTORELEASING = YES;
				CLANG_WARN_BOOL_CONVERSION = YES;
				CLANG_WARN_COMMA = YES;
				CLANG_WARN_CONSTANT_CONVERSION = YES;
				CLANG_WARN_DEPRECATED_OBJC_IMPLEMENTATIONS = YES;
				CLANG_WARN_DIRECT_OBJC_ISA_USAGE = YES_ERROR;
				CLANG_WARN_DOCUMENTATION_COMMENTS = YES;
				CLANG_WARN_EMPTY_BODY = YES;
				CLANG_WARN_ENUM_CONVERSION = YES;
				CLANG_WARN_INFINITE_RECURSION = YES;
				CLANG_WARN_INT_CONVERSION = YES;
				CLANG_WARN_NON_LITERAL_NULL_CONVERSION = YES;
				CLANG_WARN_OBJC_IMPLICIT_RETAIN_SELF = YES;
				CLANG_WARN_OBJC_LITERAL_CONVERSION = YES;
				CLANG_WARN_OBJC_ROOT_CLASS = YES_ERROR;
				CLANG_WARN_QUOTED_INCLUDE_IN_FRAMEWORK_HEADER = YES;
				CLANG_WARN_RANGE_LOOP_ANALYSIS = YES;
				CLANG_WARN_STRICT_PROTOTYPES = YES;
				CLANG_WARN_SUSPICIOUS_MOVE = YES;
				CLANG_WARN_UNGUARDED_AVAILABILITY = YES_AGGRESSIVE;
				CLANG_WARN_UNREACHABLE_CODE = YES;
				CLANG_WARN__DUPLICATE_METHOD_MATCH = YES;
				COPY_PHASE_STRIP = NO;
				DEBUG_INFORMATION_FORMAT = dwarf;
				ENABLE_STRICT_OBJC_MSGSEND = YES;
				ENABLE_TESTABILITY = YES;
				GCC_C_LANGUAGE_STANDARD = gnu11;
				GCC_DYNAMIC_NO_PIC = NO;
				GCC_NO_COMMON_BLOCKS = YES;
				GCC_OPTIMIZATION_LEVEL = 0;
				GCC_PREPROCESSOR_DEFINITIONS = (
					"DEBUG=1",
					"$(inherited)",
				);
				GCC_WARN_64_TO_32_BIT_CONVERSION = YES;
				GCC_WARN_ABOUT_RETURN_TYPE = YES_ERROR;
				GCC_WARN_UNDECLARED_SELECTOR = YES;
				GCC_WARN_UNINITIALIZED_AUTOS = YES_AGGRESSIVE;
				GCC_WARN_UNUSED_FUNCTION = YES;
				GCC_WARN_UNUSED_VARIABLE = YES;
				IPHONEOS_DEPLOYMENT_TARGET = 14.5;
				MTL_ENABLE_DEBUG_INFO = INCLUDE_SOURCE;
				MTL_FAST_MATH = YES;
				ONLY_ACTIVE_ARCH = YES;
				SDKROOT = iphoneos;
				SWIFT_ACTIVE_COMPILATION_CONDITIONS = DEBUG;
				SWIFT_OPTIMIZATION_LEVEL = "-Onone";
			};
			name = Debug;
		};
		3BA207702693B4D100E0D8CD /* Release */ = {
			isa = XCBuildConfiguration;
			buildSettings = {
				ALWAYS_SEARCH_USER_PATHS = NO;
				CLANG_ANALYZER_NONNULL = YES;
				CLANG_ANALYZER_NUMBER_OBJECT_CONVERSION = YES_AGGRESSIVE;
				CLANG_CXX_LANGUAGE_STANDARD = "gnu++14";
				CLANG_CXX_LIBRARY = "libc++";
				CLANG_ENABLE_MODULES = YES;
				CLANG_ENABLE_OBJC_ARC = YES;
				CLANG_ENABLE_OBJC_WEAK = YES;
				CLANG_WARN_BLOCK_CAPTURE_AUTORELEASING = YES;
				CLANG_WARN_BOOL_CONVERSION = YES;
				CLANG_WARN_COMMA = YES;
				CLANG_WARN_CONSTANT_CONVERSION = YES;
				CLANG_WARN_DEPRECATED_OBJC_IMPLEMENTATIONS = YES;
				CLANG_WARN_DIRECT_OBJC_ISA_USAGE = YES_ERROR;
				CLANG_WARN_DOCUMENTATION_COMMENTS = YES;
				CLANG_WARN_EMPTY_BODY = YES;
				CLANG_WARN_ENUM_CONVERSION = YES;
				CLANG_WARN_INFINITE_RECURSION = YES;
				CLANG_WARN_INT_CONVERSION = YES;
				CLANG_WARN_NON_LITERAL_NULL_CONVERSION = YES;
				CLANG_WARN_OBJC_IMPLICIT_RETAIN_SELF = YES;
				CLANG_WARN_OBJC_LITERAL_CONVERSION = YES;
				CLANG_WARN_OBJC_ROOT_CLASS = YES_ERROR;
				CLANG_WARN_QUOTED_INCLUDE_IN_FRAMEWORK_HEADER = YES;
				CLANG_WARN_RANGE_LOOP_ANALYSIS = YES;
				CLANG_WARN_STRICT_PROTOTYPES = YES;
				CLANG_WARN_SUSPICIOUS_MOVE = YES;
				CLANG_WARN_UNGUARDED_AVAILABILITY = YES_AGGRESSIVE;
				CLANG_WARN_UNREACHABLE_CODE = YES;
				CLANG_WARN__DUPLICATE_METHOD_MATCH = YES;
				COPY_PHASE_STRIP = NO;
				DEBUG_INFORMATION_FORMAT = "dwarf-with-dsym";
				ENABLE_NS_ASSERTIONS = NO;
				ENABLE_STRICT_OBJC_MSGSEND = YES;
				GCC_C_LANGUAGE_STANDARD = gnu11;
				GCC_NO_COMMON_BLOCKS = YES;
				GCC_WARN_64_TO_32_BIT_CONVERSION = YES;
				GCC_WARN_ABOUT_RETURN_TYPE = YES_ERROR;
				GCC_WARN_UNDECLARED_SELECTOR = YES;
				GCC_WARN_UNINITIALIZED_AUTOS = YES_AGGRESSIVE;
				GCC_WARN_UNUSED_FUNCTION = YES;
				GCC_WARN_UNUSED_VARIABLE = YES;
				IPHONEOS_DEPLOYMENT_TARGET = 14.5;
				MTL_ENABLE_DEBUG_INFO = NO;
				MTL_FAST_MATH = YES;
				SDKROOT = iphoneos;
				SWIFT_COMPILATION_MODE = wholemodule;
				SWIFT_OPTIMIZATION_LEVEL = "-O";
				VALIDATE_PRODUCT = YES;
			};
			name = Release;
		};
		3BA207722693B4D100E0D8CD /* Debug */ = {
			isa = XCBuildConfiguration;
			buildSettings = {
				ASSETCATALOG_COMPILER_APPICON_NAME = AppIcon;
				ASSETCATALOG_COMPILER_GLOBAL_ACCENT_COLOR_NAME = AccentColor;
				CODE_SIGN_STYLE = Automatic;
				DEVELOPMENT_ASSET_PATHS = "\"Landmarks/Preview Content\"";
				DEVELOPMENT_TEAM = T36TC3XHYJ;
				ENABLE_PREVIEWS = YES;
				INFOPLIST_FILE = Landmarks/Info.plist;
				IPHONEOS_DEPLOYMENT_TARGET = 14.0;
				LD_RUNPATH_SEARCH_PATHS = (
					"$(inherited)",
					"@executable_path/Frameworks",
				);
				PRODUCT_BUNDLE_IDENTIFIER = com.justin747.Landmarks;
				PRODUCT_NAME = "$(TARGET_NAME)";
				SWIFT_VERSION = 5.0;
				TARGETED_DEVICE_FAMILY = "1,2";
			};
			name = Debug;
		};
		3BA207732693B4D100E0D8CD /* Release */ = {
			isa = XCBuildConfiguration;
			buildSettings = {
				ASSETCATALOG_COMPILER_APPICON_NAME = AppIcon;
				ASSETCATALOG_COMPILER_GLOBAL_ACCENT_COLOR_NAME = AccentColor;
				CODE_SIGN_STYLE = Automatic;
				DEVELOPMENT_ASSET_PATHS = "\"Landmarks/Preview Content\"";
				DEVELOPMENT_TEAM = T36TC3XHYJ;
				ENABLE_PREVIEWS = YES;
				INFOPLIST_FILE = Landmarks/Info.plist;
				IPHONEOS_DEPLOYMENT_TARGET = 14.0;
				LD_RUNPATH_SEARCH_PATHS = (
					"$(inherited)",
					"@executable_path/Frameworks",
				);
				PRODUCT_BUNDLE_IDENTIFIER = com.justin747.Landmarks;
				PRODUCT_NAME = "$(TARGET_NAME)";
				SWIFT_VERSION = 5.0;
				TARGETED_DEVICE_FAMILY = "1,2";
			};
			name = Release;
		};
/* End XCBuildConfiguration section */

/* Begin XCConfigurationList section */
		3BA2075D2693B4CD00E0D8CD /* Build configuration list for PBXProject "Landmarks" */ = {
			isa = XCConfigurationList;
			buildConfigurations = (
				3BA2076F2693B4D100E0D8CD /* Debug */,
				3BA207702693B4D100E0D8CD /* Release */,
			);
			defaultConfigurationIsVisible = 0;
			defaultConfigurationName = Release;
		};
		3BA207712693B4D100E0D8CD /* Build configuration list for PBXNativeTarget "Landmarks" */ = {
			isa = XCConfigurationList;
			buildConfigurations = (
				3BA207722693B4D100E0D8CD /* Debug */,
				3BA207732693B4D100E0D8CD /* Release */,
			);
			defaultConfigurationIsVisible = 0;
			defaultConfigurationName = Release;
		};
/* End XCConfigurationList section */
	};
	rootObject = 3BA2075A2693B4CD00E0D8CD /* Project object */;
}
